{
    "name": "Framework",
    "version": "1.0.0",
    "lockfileVersion": 1,
    "requires": true,
    "dependencies": {
        "bootstrap": {
            "version": "4.0.0-beta.2",
            "resolved": "https://registry.npmjs.org/bootstrap/-/bootstrap-4.0.0-beta.2.tgz",
            "integrity": "sha512-DzGtdTlKbrMoGMpz0LigKSqJ+MgtFKxA791PU/q062OlRG0HybNZcTLH7rpDAmLS66Y3esN9yzKHLLbqa5UR3w=="
        },
        "webcomponent": {
            "version": "1.1.0",
            "resolved": "https://registry.npmjs.org/webcomponent/-/webcomponent-1.1.0.tgz",
            "integrity": "sha512-Zq3j2feALtU/flRtTas1s5YE6g/rz9z4yS5sb+Q72UG4oVXABbD/WlQZ5/Xl4n+g9IT7yKgVEP0lZWNQcDIhmA=="
        }
    }
}
